
Microsoft Visual Studio Solution File, Format Version 12.00
# Visual Studio Version 16
VisualStudioVersion = 16.0.30804.86
MinimumVisualStudioVersion = 10.0.40219.1
Project("{FAE04EC0-301F-11D3-BF4B-00C04F79EFBC}") = "DevCampProblemSolution", "DevCampProblemSolution.csproj", "{E35D336C-EC1C-424F-8449-37655BECB770}"
EndProject
Global
	GlobalSection(SolutionConfigurationPlatforms) = preSolution
		Debug|Any CPU = Debug|Any CPU
		Release|Any CPU = Release|Any CPU
	EndGlobalSection
	GlobalSection(ProjectConfigurationPlatforms) = postSolution
		{E35D336C-EC1C-424F-8449-37655BECB770}.Debug|Any CPU.ActiveCfg = Debug|Any CPU
		{E35D336C-EC1C-424F-8449-37655BECB770}.Debug|Any CPU.Build.0 = Debug|Any CPU
		{E35D336C-EC1C-424F-8449-37655BECB770}.Release|Any CPU.ActiveCfg = Release|Any CPU
		{E35D336C-EC1C-424F-8449-37655BECB770}.Release|Any CPU.Build.0 = Release|Any CPU
	EndGlobalSection
	GlobalSection(SolutionProperties) = preSolution
		HideSolutionNode = FALSE
	EndGlobalSection
	GlobalSection(ExtensibilityGlobals) = postSolution
		SolutionGuid = {ACD9CECD-CA89-45BC-8D57-247320AFCA6D}
	EndGlobalSection
EndGlobal
